{
  "nodes": {
    "crispasr-src": {
      "flake": false,
      "locked": {
        "lastModified": 1779370348,
        "narHash": "sha256-VRq9MBb5Qqo3IO3XCqHyDYtuMMQiCf+ubDbEaCtNmSI=",
        "owner": "CrispStrobe",
        "repo": "CrispASR",
        "rev": "f23d948562a77e3581c959a034d14a1ac8fb89fd",
        "type": "github"
      },
      "original": {
        "owner": "CrispStrobe",
        "repo": "CrispASR",
        "rev": "f23d948562a77e3581c959a034d14a1ac8fb89fd",
        "type": "github"
      }
    },
    "nixpkgs": {
      "locked": {
        "lastModified": 1783549019,
        "narHash": "sha256-0XnckG4ZhBmAsYa9mLuEIFowBG0fDGPLHduQGsbMS4A=",
        "owner": "NixOS",
        "repo": "nixpkgs",
        "rev": "74cc63f702f7d60a557e152a57b40fb1fd0f72ac",
        "type": "github"
      },
      "original": {
        "owner": "NixOS",
        "ref": "nixos-26.05",
        "repo": "nixpkgs",
        "type": "github"
      }
    },
    "root": {
      "inputs": {
        "crispasr-src": "crispasr-src",
        "nixpkgs": "nixpkgs"
      }
    }
  },
  "root": "root",
  "version": 7
}
